{
  "name": "iguacu-seguro",
  "version": "1.0.0",
  "description": "SPA de prevenção de acidentes com animais peçonhentos na Região do Iguaçu (PR)",
  "scripts": {
    "start": "npx serve src -l 8080",
    "build": "node --check src/js/dados.js && node --check src/js/componentes.js && node --check src/js/views.js && node --check src/js/router.js && node --check src/js/app.js && echo '✅ Build OK — sintaxe JS válida'"
  },
  "keywords": ["saude", "prevencao", "animais-peconhentos", "spa"],
  "license": "MIT"
}
